packages:
  archive:
    dependency: direct main
    description:
      name: archive
      url: "https://pub.dev"
    source: hosted
    version: "3.1.2"
  collection:
    dependency: transitive
    description:
      name: collection
      url: "https://pub.dev"
    source: hosted
    version: "1.15.0"
